
Microsoft Visual Studio Solution File, Format Version 12.00
# Visual Studio Version 17
VisualStudioVersion = 17.5.33530.505
MinimumVisualStudioVersion = 10.0.40219.1
Project("{9A19103F-16F7-4668-BE54-9A1E7A4F7556}") = "Kanban", "Kanban.csproj", "{3FC6071E-EBF5-4481-B74B-6F21C50CCE4E}"
EndProject
Project("{FAE04EC0-301F-11D3-BF4B-00C04F79EFBC}") = "ReferenceApp", "..\ReferenceApp\ReferenceApp.csproj", "{FB3A6B8B-7FFC-4380-A10A-C0F418F084B0}"
EndProject
Global
	GlobalSection(SolutionConfigurationPlatforms) = preSolution
		Debug|Any CPU = Debug|Any CPU
		Release|Any CPU = Release|Any CPU
	EndGlobalSection
	GlobalSection(ProjectConfigurationPlatforms) = postSolution
		{3FC6071E-EBF5-4481-B74B-6F21C50CCE4E}.Debug|Any CPU.ActiveCfg = Debug|Any CPU
		{3FC6071E-EBF5-4481-B74B-6F21C50CCE4E}.Debug|Any CPU.Build.0 = Debug|Any CPU
		{3FC6071E-EBF5-4481-B74B-6F21C50CCE4E}.Release|Any CPU.ActiveCfg = Release|Any CPU
		{3FC6071E-EBF5-4481-B74B-6F21C50CCE4E}.Release|Any CPU.Build.0 = Release|Any CPU
		{FB3A6B8B-7FFC-4380-A10A-C0F418F084B0}.Debug|Any CPU.ActiveCfg = Debug|Any CPU
		{FB3A6B8B-7FFC-4380-A10A-C0F418F084B0}.Debug|Any CPU.Build.0 = Debug|Any CPU
		{FB3A6B8B-7FFC-4380-A10A-C0F418F084B0}.Release|Any CPU.ActiveCfg = Release|Any CPU
		{FB3A6B8B-7FFC-4380-A10A-C0F418F084B0}.Release|Any CPU.Build.0 = Release|Any CPU
	EndGlobalSection
	GlobalSection(SolutionProperties) = preSolution
		HideSolutionNode = FALSE
	EndGlobalSection
	GlobalSection(ExtensibilityGlobals) = postSolution
		SolutionGuid = {901D64FB-B6D1-4A68-AC2C-B202A5E55A30}
	EndGlobalSection
EndGlobal
